
Microsoft Visual Studio Solution File, Format Version 11.00
# Visual Studio 2010
Project("{FAE04EC0-301F-11D3-BF4B-00C04F79EFBC}") = "W3SchoolsMvcApp", "W3SchoolsMvcApp.csproj", "{7F67EAA1-946F-47D3-953F-EA358264EFCB}"
EndProject
Global
	GlobalSection(SolutionConfigurationPlatforms) = preSolution
		Debug|Any CPU = Debug|Any CPU
		Release|Any CPU = Release|Any CPU
	EndGlobalSection
	GlobalSection(ProjectConfigurationPlatforms) = postSolution
		{7F67EAA1-946F-47D3-953F-EA358264EFCB}.Debug|Any CPU.ActiveCfg = Debug|Any CPU
		{7F67EAA1-946F-47D3-953F-EA358264EFCB}.Debug|Any CPU.Build.0 = Debug|Any CPU
		{7F67EAA1-946F-47D3-953F-EA358264EFCB}.Release|Any CPU.ActiveCfg = Release|Any CPU
		{7F67EAA1-946F-47D3-953F-EA358264EFCB}.Release|Any CPU.Build.0 = Release|Any CPU
	EndGlobalSection
	GlobalSection(SolutionProperties) = preSolution
		HideSolutionNode = FALSE
	EndGlobalSection
EndGlobal
